<?xml version="1.0" encoding="utf-8"?>
<Project ToolsVersion="4.0" xmlns="http://schemas.microsoft.com/developer/msbuild/2003">
  <ItemGroup>
    <Filter Include="Spacious">
      <UniqueIdentifier>{CC3D05AC-B80A-60B7-E123-4E5FCD4F9545}</UniqueIdentifier>
    </Filter>
  </ItemGroup>
  <ItemGroup>
    <ClInclude Include="src\Spacious.h" />
    <ClInclude Include="src\Spacious\Application.h">
      <Filter>Spacious</Filter>
    </ClInclude>
    <ClInclude Include="src\Spacious\Core.h">
      <Filter>Spacious</Filter>
    </ClInclude>
    <ClInclude Include="src\Spacious\EntryPoint.h">
      <Filter>Spacious</Filter>
    </ClInclude>
    <ClInclude Include="src\Spacious\Log.h">
      <Filter>Spacious</Filter>
    </ClInclude>
  </ItemGroup>
  <ItemGroup>
    <ClCompile Include="src\Spacious\Application.cpp">
      <Filter>Spacious</Filter>
    </ClCompile>
    <ClCompile Include="src\Spacious\Log.cpp">
      <Filter>Spacious</Filter>
    </ClCompile>
  </ItemGroup>
</Project>